
Microsoft Visual Studio Solution File, Format Version 12.00
# Visual Studio Version 16
VisualStudioVersion = 16.0.29509.3
MinimumVisualStudioVersion = 10.0.40219.1
Project("{9A19103F-16F7-4668-BE54-9A1E7A4F7556}") = "NewCalculator", "NewCalculator.csproj", "{05140BB4-EF16-4F49-A833-7F72236CAD6B}"
EndProject
Project("{9A19103F-16F7-4668-BE54-9A1E7A4F7556}") = "Operations", "..\Operations\Operations.csproj", "{8E18AE5C-FA47-49BB-BA4D-51DE35672258}"
EndProject
Project("{9A19103F-16F7-4668-BE54-9A1E7A4F7556}") = "OperationsTests", "..\OperationsTests\OperationsTests.csproj", "{8FFC24A0-B408-4C06-936F-596D82CB5D13}"
EndProject
Project("{FAE04EC0-301F-11D3-BF4B-00C04F79EFBC}") = "NewCalculatorTests", "..\NewCalculatorTests\NewCalculatorTests.csproj", "{1058DC75-6002-421E-9632-22086D68C9B7}"
EndProject
Global
	GlobalSection(SolutionConfigurationPlatforms) = preSolution
		Debug|Any CPU = Debug|Any CPU
		Release|Any CPU = Release|Any CPU
	EndGlobalSection
	GlobalSection(ProjectConfigurationPlatforms) = postSolution
		{05140BB4-EF16-4F49-A833-7F72236CAD6B}.Debug|Any CPU.ActiveCfg = Debug|Any CPU
		{05140BB4-EF16-4F49-A833-7F72236CAD6B}.Debug|Any CPU.Build.0 = Debug|Any CPU
		{05140BB4-EF16-4F49-A833-7F72236CAD6B}.Release|Any CPU.ActiveCfg = Release|Any CPU
		{05140BB4-EF16-4F49-A833-7F72236CAD6B}.Release|Any CPU.Build.0 = Release|Any CPU
		{8E18AE5C-FA47-49BB-BA4D-51DE35672258}.Debug|Any CPU.ActiveCfg = Debug|Any CPU
		{8E18AE5C-FA47-49BB-BA4D-51DE35672258}.Debug|Any CPU.Build.0 = Debug|Any CPU
		{8E18AE5C-FA47-49BB-BA4D-51DE35672258}.Release|Any CPU.ActiveCfg = Release|Any CPU
		{8E18AE5C-FA47-49BB-BA4D-51DE35672258}.Release|Any CPU.Build.0 = Release|Any CPU
		{8FFC24A0-B408-4C06-936F-596D82CB5D13}.Debug|Any CPU.ActiveCfg = Debug|Any CPU
		{8FFC24A0-B408-4C06-936F-596D82CB5D13}.Debug|Any CPU.Build.0 = Debug|Any CPU
		{8FFC24A0-B408-4C06-936F-596D82CB5D13}.Release|Any CPU.ActiveCfg = Release|Any CPU
		{8FFC24A0-B408-4C06-936F-596D82CB5D13}.Release|Any CPU.Build.0 = Release|Any CPU
		{1058DC75-6002-421E-9632-22086D68C9B7}.Debug|Any CPU.ActiveCfg = Debug|Any CPU
		{1058DC75-6002-421E-9632-22086D68C9B7}.Debug|Any CPU.Build.0 = Debug|Any CPU
		{1058DC75-6002-421E-9632-22086D68C9B7}.Release|Any CPU.ActiveCfg = Release|Any CPU
		{1058DC75-6002-421E-9632-22086D68C9B7}.Release|Any CPU.Build.0 = Release|Any CPU
	EndGlobalSection
	GlobalSection(SolutionProperties) = preSolution
		HideSolutionNode = FALSE
	EndGlobalSection
	GlobalSection(ExtensibilityGlobals) = postSolution
		SolutionGuid = {2BC4473D-2EF1-4982-8218-73AA3B8EFB59}
	EndGlobalSection
EndGlobal
